// !$*UTF8*$!
{
	archiveVersion = 1;
	classes = {
	};
	objectVersion = 46;
	objects = {

/* Begin PBXBuildFile section */
		491381D713D0C9B6001A5081 /* PreferencesWindow.xib in Resources */ = {isa = PBXBuildFile; fileRef = 491381D613D0C9B6001A5081 /* PreferencesWindow.xib */; };
		491381DB13D0C9E7001A5081 /* DBPreferencesController.m in Sources */ = {isa = PBXBuildFile; fileRef = 491381DA13D0C9E7001A5081 /* DBPreferencesController.m */; };
		4923CF8013CD667E00FD5F6B /* DBGame.m in Sources */ = {isa = PBXBuildFile; fileRef = 4923CF7F13CD667E00FD5F6B /* DBGame.m */; };
		49617B8513CD252400D9010D /* RegexKitLite.m in Sources */ = {isa = PBXBuildFile; fileRef = 49617B7B13CD252400D9010D /* RegexKitLite.m */; };
		4972C0B113CE630F00B8B326 /* app-icon.icns in Resources */ = {isa = PBXBuildFile; fileRef = 4972C0B013CE630F00B8B326 /* app-icon.icns */; };
		49EA799813CCC92D0021CA72 /* Cocoa.framework in Frameworks */ = {isa = PBXBuildFile; fileRef = 49EA799713CCC92D0021CA72 /* Cocoa.framework */; };
		49EA79A213CCC92D0021CA72 /* InfoPlist.strings in Resources */ = {isa = PBXBuildFile; fileRef = 49EA79A013CCC92D0021CA72 /* InfoPlist.strings */; };
		49EA79A513CCC92D0021CA72 /* main.m in Sources */ = {isa = PBXBuildFile; fileRef = 49EA79A413CCC92D0021CA72 /* main.m */; };
		49EA79A813CCC92D0021CA72 /* Credits.rtf in Resources */ = {isa = PBXBuildFile; fileRef = 49EA79A613CCC92D0021CA72 /* Credits.rtf */; };
		49EA79AB13CCC92D0021CA72 /* Dragon_s_BreathAppDelegate.m in Sources */ = {isa = PBXBuildFile; fileRef = 49EA79AA13CCC92D0021CA72 /* Dragon_s_BreathAppDelegate.m */; };
		49EA79AE13CCC92D0021CA72 /* MainMenu.xib in Resources */ = {isa = PBXBuildFile; fileRef = 49EA79AC13CCC92D0021CA72 /* MainMenu.xib */; };
		49EA79B813CCCC500021CA72 /* black-icon.png in Resources */ = {isa = PBXBuildFile; fileRef = 49EA79B513CCCC500021CA72 /* black-icon.png */; };
		49EA79B913CCCC500021CA72 /* disabled-icon.png in Resources */ = {isa = PBXBuildFile; fileRef = 49EA79B613CCCC500021CA72 /* disabled-icon.png */; };
		49EA79BA13CCCC500021CA72 /* white-icon.png in Resources */ = {isa = PBXBuildFile; fileRef = 49EA79B713CCCC500021CA72 /* white-icon.png */; };
		49EA79BD13CCD4720021CA72 /* DBStatusMenu.m in Sources */ = {isa = PBXBuildFile; fileRef = 49EA79BC13CCD4720021CA72 /* DBStatusMenu.m */; };
		49EDB0A613CCE30000976DAB /* GTMNSString+HTML.m in Sources */ = {isa = PBXBuildFile; fileRef = 49EDB06C13CCE2FF00976DAB /* GTMNSString+HTML.m */; };
		49EDB0A713CCE30000976DAB /* MWFeedInfo.m in Sources */ = {isa = PBXBuildFile; fileRef = 49EDB06E13CCE2FF00976DAB /* MWFeedInfo.m */; };
		49EDB0A813CCE30000976DAB /* MWFeedItem.m in Sources */ = {isa = PBXBuildFile; fileRef = 49EDB07013CCE2FF00976DAB /* MWFeedItem.m */; };
		49EDB0A913CCE30000976DAB /* MWFeedParser.m in Sources */ = {isa = PBXBuildFile; fileRef = 49EDB07213CCE2FF00976DAB /* MWFeedParser.m */; };
		49EDB0AB13CCE30000976DAB /* NSDate+InternetDateTime.m in Sources */ = {isa = PBXBuildFile; fileRef = 49EDB07713CCE2FF00976DAB /* NSDate+InternetDateTime.m */; };
		49EDB0AC13CCE30000976DAB /* NSString+HTML.m in Sources */ = {isa = PBXBuildFile; fileRef = 49EDB07913CCE2FF00976DAB /* NSString+HTML.m */; };
		49EDB0BC13CCE56800976DAB /* DBFeedParser.m in Sources */ = {isa = PBXBuildFile; fileRef = 49EDB0BB13CCE56800976DAB /* DBFeedParser.m */; };
/* End PBXBuildFile section */

/* Begin PBXFileReference section */
		491381D613D0C9B6001A5081 /* PreferencesWindow.xib */ = {isa = PBXFileReference; fileEncoding = 4; lastKnownFileType = file.xib; path = PreferencesWindow.xib; sourceTree = "<group>"; };
		491381D913D0C9E7001A5081 /* DBPreferencesController.h */ = {isa = PBXFileReference; fileEncoding = 4; lastKnownFileType = sourcecode.c.h; path = DBPreferencesController.h; sourceTree = "<group>"; };
		491381DA13D0C9E7001A5081 /* DBPreferencesController.m */ = {isa = PBXFileReference; fileEncoding = 4; lastKnownFileType = sourcecode.c.objc; path = DBPreferencesController.m; sourceTree = "<group>"; };
		4923CF7E13CD667E00FD5F6B /* DBGame.h */ = {isa = PBXFileReference; fileEncoding = 4; lastKnownFileType = sourcecode.c.h; path = DBGame.h; sourceTree = "<group>"; };
		4923CF7F13CD667E00FD5F6B /* DBGame.m */ = {isa = PBXFileReference; fileEncoding = 4; lastKnownFileType = sourcecode.c.objc; path = DBGame.m; sourceTree = "<group>"; };
		49617B7913CD252400D9010D /* RegexKitLite.h */ = {isa = PBXFileReference; fileEncoding = 4; lastKnownFileType = sourcecode.c.h; path = RegexKitLite.h; sourceTree = "<group>"; };
		49617B7B13CD252400D9010D /* RegexKitLite.m */ = {isa = PBXFileReference; fileEncoding = 4; lastKnownFileType = sourcecode.c.objc; path = RegexKitLite.m; sourceTree = "<group>"; };
		49649E2F13CCEC140004825B /* DBPassword.h */ = {isa = PBXFileReference; fileEncoding = 4; lastKnownFileType = sourcecode.c.h; path = DBPassword.h; sourceTree = "<group>"; };
		4972C0B013CE630F00B8B326 /* app-icon.icns */ = {isa = PBXFileReference; lastKnownFileType = image.icns; path = "app-icon.icns"; sourceTree = "<group>"; };
		49EA799313CCC92D0021CA72 /* Dragon's Breath.app */ = {isa = PBXFileReference; explicitFileType = wrapper.application; includeInIndex = 0; path = "Dragon's Breath.app"; sourceTree = BUILT_PRODUCTS_DIR; };
		49EA799713CCC92D0021CA72 /* Cocoa.framework */ = {isa = PBXFileReference; lastKnownFileType = wrapper.framework; name = Cocoa.framework; path = System/Library/Frameworks/Cocoa.framework; sourceTree = SDKROOT; };
		49EA799A13CCC92D0021CA72 /* AppKit.framework */ = {isa = PBXFileReference; lastKnownFileType = wrapper.framework; name = AppKit.framework; path = System/Library/Frameworks/AppKit.framework; sourceTree = SDKROOT; };
		49EA799B13CCC92D0021CA72 /* CoreData.framework */ = {isa = PBXFileReference; lastKnownFileType = wrapper.framework; name = CoreData.framework; path = System/Library/Frameworks/CoreData.framework; sourceTree = SDKROOT; };
		49EA799C13CCC92D0021CA72 /* Foundation.framework */ = {isa = PBXFileReference; lastKnownFileType = wrapper.framework; name = Foundation.framework; path = System/Library/Frameworks/Foundation.framework; sourceTree = SDKROOT; };
		49EA799F13CCC92D0021CA72 /* Dragon's Breath-Info.plist */ = {isa = PBXFileReference; lastKnownFileType = text.plist.xml; path = "Dragon's Breath-Info.plist"; sourceTree = "<group>"; };
		49EA79A113CCC92D0021CA72 /* en */ = {isa = PBXFileReference; lastKnownFileType = text.plist.strings; name = en; path = en.lproj/InfoPlist.strings; sourceTree = "<group>"; };
		49EA79A313CCC92D0021CA72 /* Dragon's Breath-Prefix.pch */ = {isa = PBXFileReference; lastKnownFileType = sourcecode.c.h; path = "Dragon's Breath-Prefix.pch"; sourceTree = "<group>"; };
		49EA79A413CCC92D0021CA72 /* main.m */ = {isa = PBXFileReference; lastKnownFileType = sourcecode.c.objc; path = main.m; sourceTree = "<group>"; };
		49EA79A713CCC92D0021CA72 /* en */ = {isa = PBXFileReference; lastKnownFileType = text.rtf; name = en; path = en.lproj/Credits.rtf; sourceTree = "<group>"; };
		49EA79A913CCC92D0021CA72 /* Dragon_s_BreathAppDelegate.h */ = {isa = PBXFileReference; lastKnownFileType = sourcecode.c.h; path = Dragon_s_BreathAppDelegate.h; sourceTree = "<group>"; };
		49EA79AA13CCC92D0021CA72 /* Dragon_s_BreathAppDelegate.m */ = {isa = PBXFileReference; lastKnownFileType = sourcecode.c.objc; path = Dragon_s_BreathAppDelegate.m; sourceTree = "<group>"; };
		49EA79AD13CCC92D0021CA72 /* en */ = {isa = PBXFileReference; lastKnownFileType = file.xib; name = en; path = en.lproj/MainMenu.xib; sourceTree = "<group>"; };
		49EA79B513CCCC500021CA72 /* black-icon.png */ = {isa = PBXFileReference; lastKnownFileType = image.png; path = "black-icon.png"; sourceTree = "<group>"; };
		49EA79B613CCCC500021CA72 /* disabled-icon.png */ = {isa = PBXFileReference; lastKnownFileType = image.png; path = "disabled-icon.png"; sourceTree = "<group>"; };
		49EA79B713CCCC500021CA72 /* white-icon.png */ = {isa = PBXFileReference; lastKnownFileType = image.png; path = "white-icon.png"; sourceTree = "<group>"; };
		49EA79BB13CCD4720021CA72 /* DBStatusMenu.h */ = {isa = PBXFileReference; fileEncoding = 4; lastKnownFileType = sourcecode.c.h; path = DBStatusMenu.h; sourceTree = "<group>"; };
		49EA79BC13CCD4720021CA72 /* DBStatusMenu.m */ = {isa = PBXFileReference; fileEncoding = 4; lastKnownFileType = sourcecode.c.objc; path = DBStatusMenu.m; sourceTree = "<group>"; };
		49EDB06A13CCE2FF00976DAB /* GTMDefines.h */ = {isa = PBXFileReference; fileEncoding = 4; lastKnownFileType = sourcecode.c.h; path = GTMDefines.h; sourceTree = "<group>"; };
		49EDB06B13CCE2FF00976DAB /* GTMNSString+HTML.h */ = {isa = PBXFileReference; fileEncoding = 4; lastKnownFileType = sourcecode.c.h; path = "GTMNSString+HTML.h"; sourceTree = "<group>"; };
		49EDB06C13CCE2FF00976DAB /* GTMNSString+HTML.m */ = {isa = PBXFileReference; fileEncoding = 4; lastKnownFileType = sourcecode.c.objc; path = "GTMNSString+HTML.m"; sourceTree = "<group>"; };
		49EDB06D13CCE2FF00976DAB /* MWFeedInfo.h */ = {isa = PBXFileReference; fileEncoding = 4; lastKnownFileType = sourcecode.c.h; path = MWFeedInfo.h; sourceTree = "<group>"; };
		49EDB06E13CCE2FF00976DAB /* MWFeedInfo.m */ = {isa = PBXFileReference; fileEncoding = 4; lastKnownFileType = sourcecode.c.objc; path = MWFeedInfo.m; sourceTree = "<group>"; };
		49EDB06F13CCE2FF00976DAB /* MWFeedItem.h */ = {isa = PBXFileReference; fileEncoding = 4; lastKnownFileType = sourcecode.c.h; path = MWFeedItem.h; sourceTree = "<group>"; };
		49EDB07013CCE2FF00976DAB /* MWFeedItem.m */ = {isa = PBXFileReference; fileEncoding = 4; lastKnownFileType = sourcecode.c.objc; path = MWFeedItem.m; sourceTree = "<group>"; };
		49EDB07113CCE2FF00976DAB /* MWFeedParser.h */ = {isa = PBXFileReference; fileEncoding = 4; lastKnownFileType = sourcecode.c.h; path = MWFeedParser.h; sourceTree = "<group>"; };
		49EDB07213CCE2FF00976DAB /* MWFeedParser.m */ = {isa = PBXFileReference; fileEncoding = 4; lastKnownFileType = sourcecode.c.objc; path = MWFeedParser.m; sourceTree = "<group>"; };
		49EDB07313CCE2FF00976DAB /* MWFeedParser_Private.h */ = {isa = PBXFileReference; fileEncoding = 4; lastKnownFileType = sourcecode.c.h; path = MWFeedParser_Private.h; sourceTree = "<group>"; };
		49EDB07613CCE2FF00976DAB /* NSDate+InternetDateTime.h */ = {isa = PBXFileReference; fileEncoding = 4; lastKnownFileType = sourcecode.c.h; path = "NSDate+InternetDateTime.h"; sourceTree = "<group>"; };
		49EDB07713CCE2FF00976DAB /* NSDate+InternetDateTime.m */ = {isa = PBXFileReference; fileEncoding = 4; lastKnownFileType = sourcecode.c.objc; path = "NSDate+InternetDateTime.m"; sourceTree = "<group>"; };
		49EDB07813CCE2FF00976DAB /* NSString+HTML.h */ = {isa = PBXFileReference; fileEncoding = 4; lastKnownFileType = sourcecode.c.h; path = "NSString+HTML.h"; sourceTree = "<group>"; };
		49EDB07913CCE2FF00976DAB /* NSString+HTML.m */ = {isa = PBXFileReference; fileEncoding = 4; lastKnownFileType = sourcecode.c.objc; path = "NSString+HTML.m"; sourceTree = "<group>"; };
		49EDB0BA13CCE56800976DAB /* DBFeedParser.h */ = {isa = PBXFileReference; fileEncoding = 4; lastKnownFileType = sourcecode.c.h; path = DBFeedParser.h; sourceTree = "<group>"; };
		49EDB0BB13CCE56800976DAB /* DBFeedParser.m */ = {isa = PBXFileReference; fileEncoding = 4; lastKnownFileType = sourcecode.c.objc; path = DBFeedParser.m; sourceTree = "<group>"; };
/* End PBXFileReference section */

/* Begin PBXFrameworksBuildPhase section */
		49EA799013CCC92D0021CA72 /* Frameworks */ = {
			isa = PBXFrameworksBuildPhase;
			buildActionMask = 2147483647;
			files = (
				49EA799813CCC92D0021CA72 /* Cocoa.framework in Frameworks */,
			);
			runOnlyForDeploymentPostprocessing = 0;
		};
/* End PBXFrameworksBuildPhase section */

/* Begin PBXGroup section */
		49617B6E13CD252400D9010D /* RegexKitLite-4.0 */ = {
			isa = PBXGroup;
			children = (
				49617B7913CD252400D9010D /* RegexKitLite.h */,
				49617B7B13CD252400D9010D /* RegexKitLite.m */,
			);
			path = "RegexKitLite-4.0";
			sourceTree = "<group>";
		};
		49EA798813CCC92C0021CA72 = {
			isa = PBXGroup;
			children = (
				49EA799D13CCC92D0021CA72 /* Dragon's Breath */,
				49EA799613CCC92D0021CA72 /* Frameworks */,
				49EA799413CCC92D0021CA72 /* Products */,
			);
			sourceTree = "<group>";
		};
		49EA799413CCC92D0021CA72 /* Products */ = {
			isa = PBXGroup;
			children = (
				49EA799313CCC92D0021CA72 /* Dragon's Breath.app */,
			);
			name = Products;
			sourceTree = "<group>";
		};
		49EA799613CCC92D0021CA72 /* Frameworks */ = {
			isa = PBXGroup;
			children = (
				49EA799713CCC92D0021CA72 /* Cocoa.framework */,
				49EA799913CCC92D0021CA72 /* Other Frameworks */,
			);
			name = Frameworks;
			sourceTree = "<group>";
		};
		49EA799913CCC92D0021CA72 /* Other Frameworks */ = {
			isa = PBXGroup;
			children = (
				49EA799A13CCC92D0021CA72 /* AppKit.framework */,
				49EA799B13CCC92D0021CA72 /* CoreData.framework */,
				49EA799C13CCC92D0021CA72 /* Foundation.framework */,
			);
			name = "Other Frameworks";
			sourceTree = "<group>";
		};
		49EA799D13CCC92D0021CA72 /* Dragon's Breath */ = {
			isa = PBXGroup;
			children = (
				49EA79A913CCC92D0021CA72 /* Dragon_s_BreathAppDelegate.h */,
				49EA79AA13CCC92D0021CA72 /* Dragon_s_BreathAppDelegate.m */,
				4923CF7E13CD667E00FD5F6B /* DBGame.h */,
				4923CF7F13CD667E00FD5F6B /* DBGame.m */,
				49EA79BB13CCD4720021CA72 /* DBStatusMenu.h */,
				49EA79BC13CCD4720021CA72 /* DBStatusMenu.m */,
				49EDB0BA13CCE56800976DAB /* DBFeedParser.h */,
				49EDB0BB13CCE56800976DAB /* DBFeedParser.m */,
				491381D913D0C9E7001A5081 /* DBPreferencesController.h */,
				491381DA13D0C9E7001A5081 /* DBPreferencesController.m */,
				49EA79AC13CCC92D0021CA72 /* MainMenu.xib */,
				491381D613D0C9B6001A5081 /* PreferencesWindow.xib */,
				49EDAFC713CCE29300976DAB /* Other Sources */,
				49EA79B413CCCC500021CA72 /* Icons */,
				49EA799E13CCC92D0021CA72 /* Supporting Files */,
			);
			path = "Dragon's Breath";
			sourceTree = "<group>";
		};
		49EA799E13CCC92D0021CA72 /* Supporting Files */ = {
			isa = PBXGroup;
			children = (
				49EA799F13CCC92D0021CA72 /* Dragon's Breath-Info.plist */,
				49EA79A013CCC92D0021CA72 /* InfoPlist.strings */,
				49EA79A313CCC92D0021CA72 /* Dragon's Breath-Prefix.pch */,
				49EA79A413CCC92D0021CA72 /* main.m */,
				49EA79A613CCC92D0021CA72 /* Credits.rtf */,
				49649E2F13CCEC140004825B /* DBPassword.h */,
			);
			name = "Supporting Files";
			sourceTree = "<group>";
		};
		49EA79B413CCCC500021CA72 /* Icons */ = {
			isa = PBXGroup;
			children = (
				4972C0B013CE630F00B8B326 /* app-icon.icns */,
				49EA79B513CCCC500021CA72 /* black-icon.png */,
				49EA79B613CCCC500021CA72 /* disabled-icon.png */,
				49EA79B713CCCC500021CA72 /* white-icon.png */,
			);
			path = Icons;
			sourceTree = "<group>";
		};
		49EDAFC713CCE29300976DAB /* Other Sources */ = {
			isa = PBXGroup;
			children = (
				49617B6E13CD252400D9010D /* RegexKitLite-4.0 */,
				49EDB04113CCE2FF00976DAB /* MWFeedParser */,
			);
			path = "Other Sources";
			sourceTree = "<group>";
		};
		49EDB04113CCE2FF00976DAB /* MWFeedParser */ = {
			isa = PBXGroup;
			children = (
				49EDB06713CCE2FF00976DAB /* Classes */,
			);
			path = MWFeedParser;
			sourceTree = "<group>";
		};
		49EDB06713CCE2FF00976DAB /* Classes */ = {
			isa = PBXGroup;
			children = (
				49EDB06A13CCE2FF00976DAB /* GTMDefines.h */,
				49EDB06B13CCE2FF00976DAB /* GTMNSString+HTML.h */,
				49EDB06C13CCE2FF00976DAB /* GTMNSString+HTML.m */,
				49EDB06D13CCE2FF00976DAB /* MWFeedInfo.h */,
				49EDB06E13CCE2FF00976DAB /* MWFeedInfo.m */,
				49EDB06F13CCE2FF00976DAB /* MWFeedItem.h */,
				49EDB07013CCE2FF00976DAB /* MWFeedItem.m */,
				49EDB07113CCE2FF00976DAB /* MWFeedParser.h */,
				49EDB07213CCE2FF00976DAB /* MWFeedParser.m */,
				49EDB07313CCE2FF00976DAB /* MWFeedParser_Private.h */,
				49EDB07613CCE2FF00976DAB /* NSDate+InternetDateTime.h */,
				49EDB07713CCE2FF00976DAB /* NSDate+InternetDateTime.m */,
				49EDB07813CCE2FF00976DAB /* NSString+HTML.h */,
				49EDB07913CCE2FF00976DAB /* NSString+HTML.m */,
			);
			path = Classes;
			sourceTree = "<group>";
		};
/* End PBXGroup section */

/* Begin PBXNativeTarget section */
		49EA799213CCC92D0021CA72 /* Dragon's Breath */ = {
			isa = PBXNativeTarget;
			buildConfigurationList = 49EA79B113CCC92D0021CA72 /* Build configuration list for PBXNativeTarget "Dragon's Breath" */;
			buildPhases = (
				49EA798F13CCC92D0021CA72 /* Sources */,
				49EA799013CCC92D0021CA72 /* Frameworks */,
				49EA799113CCC92D0021CA72 /* Resources */,
			);
			buildRules = (
			);
			dependencies = (
			);
			name = "Dragon's Breath";
			productName = "Dragon's Breath";
			productReference = 49EA799313CCC92D0021CA72 /* Dragon's Breath.app */;
			productType = "com.apple.product-type.application";
		};
/* End PBXNativeTarget section */

/* Begin PBXProject section */
		49EA798A13CCC92C0021CA72 /* Project object */ = {
			isa = PBXProject;
			buildConfigurationList = 49EA798D13CCC92C0021CA72 /* Build configuration list for PBXProject "Dragon's Breath" */;
			compatibilityVersion = "Xcode 3.2";
			developmentRegion = English;
			hasScannedForEncodings = 0;
			knownRegions = (
				en,
			);
			mainGroup = 49EA798813CCC92C0021CA72;
			productRefGroup = 49EA799413CCC92D0021CA72 /* Products */;
			projectDirPath = "";
			projectRoot = "";
			targets = (
				49EA799213CCC92D0021CA72 /* Dragon's Breath */,
			);
		};
/* End PBXProject section */

/* Begin PBXResourcesBuildPhase section */
		49EA799113CCC92D0021CA72 /* Resources */ = {
			isa = PBXResourcesBuildPhase;
			buildActionMask = 2147483647;
			files = (
				49EA79A213CCC92D0021CA72 /* InfoPlist.strings in Resources */,
				49EA79A813CCC92D0021CA72 /* Credits.rtf in Resources */,
				49EA79AE13CCC92D0021CA72 /* MainMenu.xib in Resources */,
				49EA79B813CCCC500021CA72 /* black-icon.png in Resources */,
				49EA79B913CCCC500021CA72 /* disabled-icon.png in Resources */,
				49EA79BA13CCCC500021CA72 /* white-icon.png in Resources */,
				4972C0B113CE630F00B8B326 /* app-icon.icns in Resources */,
				491381D713D0C9B6001A5081 /* PreferencesWindow.xib in Resources */,
			);
			runOnlyForDeploymentPostprocessing = 0;
		};
/* End PBXResourcesBuildPhase section */

/* Begin PBXSourcesBuildPhase section */
		49EA798F13CCC92D0021CA72 /* Sources */ = {
			isa = PBXSourcesBuildPhase;
			buildActionMask = 2147483647;
			files = (
				49EA79A513CCC92D0021CA72 /* main.m in Sources */,
				49EA79AB13CCC92D0021CA72 /* Dragon_s_BreathAppDelegate.m in Sources */,
				49EA79BD13CCD4720021CA72 /* DBStatusMenu.m in Sources */,
				49EDB0A613CCE30000976DAB /* GTMNSString+HTML.m in Sources */,
				49EDB0A713CCE30000976DAB /* MWFeedInfo.m in Sources */,
				49EDB0A813CCE30000976DAB /* MWFeedItem.m in Sources */,
				49EDB0A913CCE30000976DAB /* MWFeedParser.m in Sources */,
				49EDB0AB13CCE30000976DAB /* NSDate+InternetDateTime.m in Sources */,
				49EDB0AC13CCE30000976DAB /* NSString+HTML.m in Sources */,
				49EDB0BC13CCE56800976DAB /* DBFeedParser.m in Sources */,
				49617B8513CD252400D9010D /* RegexKitLite.m in Sources */,
				4923CF8013CD667E00FD5F6B /* DBGame.m in Sources */,
				491381DB13D0C9E7001A5081 /* DBPreferencesController.m in Sources */,
			);
			runOnlyForDeploymentPostprocessing = 0;
		};
/* End PBXSourcesBuildPhase section */

/* Begin PBXVariantGroup section */
		49EA79A013CCC92D0021CA72 /* InfoPlist.strings */ = {
			isa = PBXVariantGroup;
			children = (
				49EA79A113CCC92D0021CA72 /* en */,
			);
			name = InfoPlist.strings;
			sourceTree = "<group>";
		};
		49EA79A613CCC92D0021CA72 /* Credits.rtf */ = {
			isa = PBXVariantGroup;
			children = (
				49EA79A713CCC92D0021CA72 /* en */,
			);
			name = Credits.rtf;
			sourceTree = "<group>";
		};
		49EA79AC13CCC92D0021CA72 /* MainMenu.xib */ = {
			isa = PBXVariantGroup;
			children = (
				49EA79AD13CCC92D0021CA72 /* en */,
			);
			name = MainMenu.xib;
			sourceTree = "<group>";
		};
/* End PBXVariantGroup section */

/* Begin XCBuildConfiguration section */
		49EA79AF13CCC92D0021CA72 /* Debug */ = {
			isa = XCBuildConfiguration;
			buildSettings = {
				ARCHS = "$(ARCHS_STANDARD_32_64_BIT)";
				GCC_C_LANGUAGE_STANDARD = gnu99;
				GCC_OPTIMIZATION_LEVEL = 0;
				GCC_PREPROCESSOR_DEFINITIONS = DEBUG;
				GCC_SYMBOLS_PRIVATE_EXTERN = NO;
				GCC_VERSION = com.apple.compilers.llvm.clang.1_0;
				GCC_WARN_64_TO_32_BIT_CONVERSION = YES;
				GCC_WARN_ABOUT_RETURN_TYPE = YES;
				GCC_WARN_UNUSED_VARIABLE = YES;
				MACOSX_DEPLOYMENT_TARGET = 10.6;
				ONLY_ACTIVE_ARCH = YES;
				SDKROOT = macosx;
			};
			name = Debug;
		};
		49EA79B013CCC92D0021CA72 /* Release */ = {
			isa = XCBuildConfiguration;
			buildSettings = {
				ARCHS = "$(ARCHS_STANDARD_32_64_BIT)";
				GCC_C_LANGUAGE_STANDARD = gnu99;
				GCC_VERSION = com.apple.compilers.llvm.clang.1_0;
				GCC_WARN_64_TO_32_BIT_CONVERSION = YES;
				GCC_WARN_ABOUT_RETURN_TYPE = YES;
				GCC_WARN_UNUSED_VARIABLE = YES;
				MACOSX_DEPLOYMENT_TARGET = 10.6;
				SDKROOT = macosx;
			};
			name = Release;
		};
		49EA79B213CCC92D0021CA72 /* Debug */ = {
			isa = XCBuildConfiguration;
			buildSettings = {
				ALWAYS_SEARCH_USER_PATHS = NO;
				COPY_PHASE_STRIP = NO;
				GCC_DYNAMIC_NO_PIC = NO;
				GCC_ENABLE_OBJC_EXCEPTIONS = YES;
				GCC_PRECOMPILE_PREFIX_HEADER = YES;
				GCC_PREFIX_HEADER = "Dragon's Breath/Dragon's Breath-Prefix.pch";
				INFOPLIST_FILE = "Dragon's Breath/Dragon's Breath-Info.plist";
				MACOSX_DEPLOYMENT_TARGET = 10.6;
				OTHER_LDFLAGS = "-licucore";
				PRODUCT_NAME = "$(TARGET_NAME)";
				WRAPPER_EXTENSION = app;
			};
			name = Debug;
		};
		49EA79B313CCC92D0021CA72 /* Release */ = {
			isa = XCBuildConfiguration;
			buildSettings = {
				ALWAYS_SEARCH_USER_PATHS = NO;
				COPY_PHASE_STRIP = YES;
				DEBUG_INFORMATION_FORMAT = "dwarf-with-dsym";
				GCC_ENABLE_OBJC_EXCEPTIONS = YES;
				GCC_PRECOMPILE_PREFIX_HEADER = YES;
				GCC_PREFIX_HEADER = "Dragon's Breath/Dragon's Breath-Prefix.pch";
				INFOPLIST_FILE = "Dragon's Breath/Dragon's Breath-Info.plist";
				MACOSX_DEPLOYMENT_TARGET = 10.6;
				OTHER_LDFLAGS = "-licucore";
				PRODUCT_NAME = "$(TARGET_NAME)";
				WRAPPER_EXTENSION = app;
			};
			name = Release;
		};
/* End XCBuildConfiguration section */

/* Begin XCConfigurationList section */
		49EA798D13CCC92C0021CA72 /* Build configuration list for PBXProject "Dragon's Breath" */ = {
			isa = XCConfigurationList;
			buildConfigurations = (
				49EA79AF13CCC92D0021CA72 /* Debug */,
				49EA79B013CCC92D0021CA72 /* Release */,
			);
			defaultConfigurationIsVisible = 0;
			defaultConfigurationName = Release;
		};
		49EA79B113CCC92D0021CA72 /* Build configuration list for PBXNativeTarget "Dragon's Breath" */ = {
			isa = XCConfigurationList;
			buildConfigurations = (
				49EA79B213CCC92D0021CA72 /* Debug */,
				49EA79B313CCC92D0021CA72 /* Release */,
			);
			defaultConfigurationIsVisible = 0;
			defaultConfigurationName = Release;
		};
/* End XCConfigurationList section */
	};
	rootObject = 49EA798A13CCC92C0021CA72 /* Project object */;
}
